
Microsoft Visual Studio Solution File, Format Version 12.00
# Visual Studio Version 16
VisualStudioVersion = 16.0.31702.278
MinimumVisualStudioVersion = 10.0.40219.1
Project("{FAE04EC0-301F-11D3-BF4B-00C04F79EFBC}") = "JSONeditor", "JSONeditor\JSONeditor.csproj", "{5B98077C-0EFB-4229-B8AA-A581289D805B}"
EndProject
Global
	GlobalSection(SolutionConfigurationPlatforms) = preSolution
		Debug|Any CPU = Debug|Any CPU
		Release|Any CPU = Release|Any CPU
	EndGlobalSection
	GlobalSection(ProjectConfigurationPlatforms) = postSolution
		{5B98077C-0EFB-4229-B8AA-A581289D805B}.Debug|Any CPU.ActiveCfg = Debug|Any CPU
		{5B98077C-0EFB-4229-B8AA-A581289D805B}.Debug|Any CPU.Build.0 = Debug|Any CPU
		{5B98077C-0EFB-4229-B8AA-A581289D805B}.Release|Any CPU.ActiveCfg = Release|Any CPU
		{5B98077C-0EFB-4229-B8AA-A581289D805B}.Release|Any CPU.Build.0 = Release|Any CPU
	EndGlobalSection
	GlobalSection(SolutionProperties) = preSolution
		HideSolutionNode = FALSE
	EndGlobalSection
	GlobalSection(ExtensibilityGlobals) = postSolution
		SolutionGuid = {0EE61C61-7037-48DF-813B-10B5D8FCE7B2}
	EndGlobalSection
EndGlobal
